
Microsoft Visual Studio Solution File, Format Version 12.00
# Visual Studio 15
VisualStudioVersion = 15.0.28307.779
MinimumVisualStudioVersion = 10.0.40219.1
Project("{FAE04EC0-301F-11D3-BF4B-00C04F79EFBC}") = "sample05", "sample05\sample05.csproj", "{FD3005E1-14FD-4383-8641-AC018F9D166B}"
EndProject
Global
	GlobalSection(SolutionConfigurationPlatforms) = preSolution
		Debug|Any CPU = Debug|Any CPU
		Release|Any CPU = Release|Any CPU
	EndGlobalSection
	GlobalSection(ProjectConfigurationPlatforms) = postSolution
		{FD3005E1-14FD-4383-8641-AC018F9D166B}.Debug|Any CPU.ActiveCfg = Debug|Any CPU
		{FD3005E1-14FD-4383-8641-AC018F9D166B}.Debug|Any CPU.Build.0 = Debug|Any CPU
		{FD3005E1-14FD-4383-8641-AC018F9D166B}.Release|Any CPU.ActiveCfg = Release|Any CPU
		{FD3005E1-14FD-4383-8641-AC018F9D166B}.Release|Any CPU.Build.0 = Release|Any CPU
	EndGlobalSection
	GlobalSection(SolutionProperties) = preSolution
		HideSolutionNode = FALSE
	EndGlobalSection
	GlobalSection(ExtensibilityGlobals) = postSolution
		SolutionGuid = {ACC42C60-9114-48B3-8B3B-124F17078AB2}
	EndGlobalSection
EndGlobal
